
Microsoft Visual Studio Solution File, Format Version 12.00
# Visual Studio 15
VisualStudioVersion = 15.0.27004.2006
MinimumVisualStudioVersion = 10.0.40219.1
Project("{FAE04EC0-301F-11D3-BF4B-00C04F79EFBC}") = "TcpServer", "TcpServer\TcpServer.csproj", "{AB569067-5E36-4080-A6C1-1A33D9A1B54E}"
EndProject
Project("{FAE04EC0-301F-11D3-BF4B-00C04F79EFBC}") = "TcpClient", "TcpClient\TcpClient.csproj", "{9E8AD2A2-F268-43D5-8E40-7CAEFDDD42F0}"
EndProject
Project("{FAE04EC0-301F-11D3-BF4B-00C04F79EFBC}") = "ChatClient", "ChatClient\ChatClient.csproj", "{C5356167-3A42-4580-8E4B-13356C1D95FB}"
EndProject
Global
	GlobalSection(SolutionConfigurationPlatforms) = preSolution
		Debug|Any CPU = Debug|Any CPU
		Release|Any CPU = Release|Any CPU
	EndGlobalSection
	GlobalSection(ProjectConfigurationPlatforms) = postSolution
		{AB569067-5E36-4080-A6C1-1A33D9A1B54E}.Debug|Any CPU.ActiveCfg = Debug|Any CPU
		{AB569067-5E36-4080-A6C1-1A33D9A1B54E}.Debug|Any CPU.Build.0 = Debug|Any CPU
		{AB569067-5E36-4080-A6C1-1A33D9A1B54E}.Release|Any CPU.ActiveCfg = Release|Any CPU
		{AB569067-5E36-4080-A6C1-1A33D9A1B54E}.Release|Any CPU.Build.0 = Release|Any CPU
		{9E8AD2A2-F268-43D5-8E40-7CAEFDDD42F0}.Debug|Any CPU.ActiveCfg = Debug|Any CPU
		{9E8AD2A2-F268-43D5-8E40-7CAEFDDD42F0}.Debug|Any CPU.Build.0 = Debug|Any CPU
		{9E8AD2A2-F268-43D5-8E40-7CAEFDDD42F0}.Release|Any CPU.ActiveCfg = Release|Any CPU
		{9E8AD2A2-F268-43D5-8E40-7CAEFDDD42F0}.Release|Any CPU.Build.0 = Release|Any CPU
		{C5356167-3A42-4580-8E4B-13356C1D95FB}.Debug|Any CPU.ActiveCfg = Debug|Any CPU
		{C5356167-3A42-4580-8E4B-13356C1D95FB}.Debug|Any CPU.Build.0 = Debug|Any CPU
		{C5356167-3A42-4580-8E4B-13356C1D95FB}.Release|Any CPU.ActiveCfg = Release|Any CPU
		{C5356167-3A42-4580-8E4B-13356C1D95FB}.Release|Any CPU.Build.0 = Release|Any CPU
	EndGlobalSection
	GlobalSection(SolutionProperties) = preSolution
		HideSolutionNode = FALSE
	EndGlobalSection
	GlobalSection(ExtensibilityGlobals) = postSolution
		SolutionGuid = {7133B18F-E461-41DA-8574-7122F0F0B0CF}
	EndGlobalSection
EndGlobal
